# This file is autogenerated, do not edit; changes may be undone by the next 'dep ensure'.


[[projects]]
  digest = "1:edd2fa4578eb086265db78a9201d15e76b298dfd0d5c379da83e9c61712cf6df"
  name = "github.com/go-logr/logr"
  packages = ["."]
  pruneopts = "UT"
  revision = "9fb12b3b21c5415d16ac18dc5cd42c1cfdd40c4e"
  version = "v0.1.0"

[[projects]]
  digest = "1:d81dfed1aa731d8e4a45d87154ec15ef18da2aa80fa9a2f95bec38577a244a99"
  name = "github.com/go-logr/zapr"
  packages = ["."]
  pruneopts = "UT"
  revision = "03f06a783fbb7dfaf3f629c7825480e43a7105e6"
  version = "v0.1.1"

[[projects]]
  digest = "1:582e25eccee928dc12416ea4c23b6dae8f3b5687730632aa1473ebebe80a2359"
  name = "github.com/gogo/protobuf"
  packages = [
    "proto",
    "sortkeys",
  ]
  pruneopts = "UT"
  revision = "5628607bb4c51c3157aacc3a50f0ab707582b805"
  version = "v1.3.1"

[[projects]]
  digest = "1:15042ad3498153684d09f393bbaec6b216c8eec6d61f63dff711de7d64ed8861"
  name = "github.com/golang/protobuf"
  packages = ["proto"]
  pruneopts = "UT"
  revision = "b4deda0973fb4c70b50d226b1af49f3da59f5265"
  version = "v1.1.0"

[[projects]]
  digest = "1:a6181aca1fd5e27103f9a920876f29ac72854df7345a39f3b01e61c8c94cc8af"
  name = "github.com/google/gofuzz"
  packages = ["."]
  pruneopts = "UT"
  revision = "f140a6486e521aad38f5917de355cbf147cc0496"
  version = "v1.0.0"

[[projects]]
  digest = "1:eaefc85d32c03e5f0c2b88ea2f79fce3d993e2c78316d21319575dd4ea9153ca"
  name = "github.com/json-iterator/go"
  packages = ["."]
  pruneopts = "UT"
  revision = "03217c3e97663914aec3faafde50d081f197a0a2"
  version = "v1.1.8"

[[projects]]
  digest = "1:33422d238f147d247752996a26574ac48dcf472976eda7f5134015f06bf16563"
  name = "github.com/modern-go/concurrent"
  packages = ["."]
  pruneopts = "UT"
  revision = "bacd9c7ef1dd9b15be4a9909b8ac7a4e313eec94"
  version = "1.0.3"

[[projects]]
  digest = "1:e32bdbdb7c377a07a9a46378290059822efdce5c8d96fe71940d87cb4f918855"
  name = "github.com/modern-go/reflect2"
  packages = ["."]
  pruneopts = "UT"
  revision = "4b7aa43c6742a2c18fdef89dd197aaae7dac7ccd"
  version = "1.0.1"

[[projects]]
  digest = "1:777e729b475d3895c7229552aa10076f0d177daf37c0a72258006d046d329960"
  name = "go.uber.org/atomic"
  packages = ["."]
  pruneopts = "UT"
  revision = "40ae6a40a970ef4cdbffa7b24b280e316db8accc"
  version = "v1.5.1"

[[projects]]
  digest = "1:e6d88834deb4e35eb998c74f4d042db6ccecaaf62c0f6d57905852800994af00"
  name = "go.uber.org/multierr"
  packages = ["."]
  pruneopts = "UT"
  revision = "824d08f79702fe5f54aca8400aa0d754318786e7"
  version = "v1.4.0"

[[projects]]
  branch = "master"
  digest = "1:3032e90a153750ea149f68bf081f97ca738f041fba45c41c80737f572ffdf2f4"
  name = "go.uber.org/tools"
  packages = ["update-license"]
  pruneopts = "UT"
  revision = "2cfd321de3ee5d5f8a5fda2521d1703478334d98"

[[projects]]
  digest = "1:260048b6193e304ee294452a9e3410c474e3ce187248c7e2e4a2631207386f74"
  name = "go.uber.org/zap"
  packages = [
    ".",
    "buffer",
    "internal/bufferpool",
    "internal/color",
    "internal/exit",
    "zapcore",
  ]
  pruneopts = "UT"
  revision = "33e58d4d0120aa28d4df84cd244838c490846c9d"
  version = "v1.13.0"

[[projects]]
  branch = "master"
  digest = "1:bbe51412d9915d64ffaa96b51d409e070665efc5194fcf145c4a27d4133107a4"
  name = "golang.org/x/crypto"
  packages = ["ssh/terminal"]
  pruneopts = "UT"
  revision = "e9b2fee46413994441b28dfca259d911d963dfed"

[[projects]]
  branch = "master"
  digest = "1:334b27eac455cb6567ea28cd424230b07b1a64334a2f861a8075ac26ce10af43"
  name = "golang.org/x/lint"
  packages = [
    ".",
    "golint",
  ]
  pruneopts = "UT"
  revision = "fdd1cda4f05fd1fd86124f0ef9ce31a0b72c8448"

[[projects]]
  branch = "master"
  digest = "1:e4a92f168e339bc2e697401a883588748fa58e0dd3ae14160f9bd890ca37382d"
  name = "golang.org/x/net"
  packages = [
    "context",
    "context/ctxhttp",
    "http/httpguts",
    "http2",
    "http2/hpack",
    "idna",
  ]
  pruneopts = "UT"
  revision = "c0dbc17a35534bf2e581d7a942408dc936316da4"

[[projects]]
  branch = "master"
  digest = "1:55d36eb35766a3f105fa36cfb2faf053cc33c019108a6adee799c4e7d59d62b2"
  name = "golang.org/x/oauth2"
  packages = [
    ".",
    "internal",
  ]
  pruneopts = "UT"
  revision = "858c2ad4c8b6c5d10852cb89079f6ca1c7309787"

[[projects]]
  branch = "master"
  digest = "1:472d3f5adc36e1c0b9120bc3830d692a090134aa5461335f39caabd0fdb7feac"
  name = "golang.org/x/sys"
  packages = [
    "unix",
    "windows",
  ]
  pruneopts = "UT"
  revision = "ac6580df4449443a05718fd7858c1f91ad5f8d20"

[[projects]]
  digest = "1:8d8faad6b12a3a4c819a3f9618cb6ee1fa1cfc33253abeeea8b55336721e3405"
  name = "golang.org/x/text"
  packages = [
    "collate",
    "collate/build",
    "internal/colltab",
    "internal/gen",
    "internal/language",
    "internal/language/compact",
    "internal/tag",
    "internal/triegen",
    "internal/ucd",
    "language",
    "secure/bidirule",
    "transform",
    "unicode/bidi",
    "unicode/cldr",
    "unicode/norm",
    "unicode/rangetable",
  ]
  pruneopts = "UT"
  revision = "342b2e1fbaa52c93f31447ad2c6abc048c63e475"
  version = "v0.3.2"

[[projects]]
  branch = "master"
  digest = "1:a2f668c709f9078828e99cb1768cb02e876cb81030545046a32b54b2ac2a9ea8"
  name = "golang.org/x/time"
  packages = ["rate"]
  pruneopts = "UT"
  revision = "555d28b269f0569763d25dbe1a237ae74c6bcc82"

[[projects]]
  branch = "master"
  digest = "1:5a4e76bcf49c1e4f67345281554ea7dfb1df0f8bff4677610b373fa1d31855f1"
  name = "golang.org/x/tools"
  packages = [
    "go/analysis",
    "go/analysis/passes/inspect",
    "go/ast/astutil",
    "go/ast/inspector",
    "go/buildutil",
    "go/gcexportdata",
    "go/internal/gcimporter",
    "go/internal/packagesdriver",
    "go/packages",
    "go/types/objectpath",
    "go/types/typeutil",
    "internal/fastwalk",
    "internal/gopathwalk",
    "internal/semver",
  ]
  pruneopts = "UT"
  revision = "1bcf67c9cb49ca7dff98883ae7d19d6dd2288ae3"

[[projects]]
  branch = "master"
  digest = "1:918a46e4a2fb83df33f668f5a6bd51b2996775d073fce1800d3ec01b0a5ddd2b"
  name = "golang.org/x/xerrors"
  packages = [
    ".",
    "internal",
  ]
  pruneopts = "UT"
  revision = "9bdfabe68543c54f90421aeb9a60ef8061b5b544"

[[projects]]
  digest = "1:e0a1881f9e0564bebdeac98c75e59f07acdde6ed3a5396e0e613eaad31194866"
  name = "google.golang.org/appengine"
  packages = [
    "internal",
    "internal/base",
    "internal/datastore",
    "internal/log",
    "internal/remote_api",
    "internal/urlfetch",
    "urlfetch",
  ]
  pruneopts = "UT"
  revision = "971852bfffca25b069c31162ae8f247a3dba083b"
  version = "v1.6.5"

[[projects]]
  digest = "1:2d1fbdc6777e5408cabeb02bf336305e724b925ff4546ded0fa8715a7267922a"
  name = "gopkg.in/inf.v0"
  packages = ["."]
  pruneopts = "UT"
  revision = "d2d2541c53f18d2a059457998ce2876cc8e67cbf"
  version = "v0.9.1"

[[projects]]
  digest = "1:b75b3deb2bce8bc079e16bb2aecfe01eb80098f5650f9e93e5643ca8b7b73737"
  name = "gopkg.in/yaml.v2"
  packages = ["."]
  pruneopts = "UT"
  revision = "1f64d6156d11335c3f22d9330b0ad14fc1e789ce"
  version = "v2.2.7"

[[projects]]
  digest = "1:131158a88aad1f94854d0aa21a64af2802d0a470fb0f01cb33c04fafd2047111"
  name = "honnef.co/go/tools"
  packages = [
    "arg",
    "cmd/staticcheck",
    "config",
    "deprecated",
    "facts",
    "functions",
    "go/types/typeutil",
    "internal/cache",
    "internal/passes/buildssa",
    "internal/renameio",
    "internal/sharedcheck",
    "lint",
    "lint/lintdsl",
    "lint/lintutil",
    "lint/lintutil/format",
    "loader",
    "printf",
    "simple",
    "ssa",
    "ssautil",
    "staticcheck",
    "staticcheck/vrp",
    "stylecheck",
    "unused",
    "version",
  ]
  pruneopts = "UT"
  revision = "afd67930eec2a9ed3e9b19f684d17a062285f16a"
  version = "2019.2.3"

[[projects]]
  digest = "1:350c76315d8fbafb7e6750c9abb76ab3df9b0bcd4d5729530cb1edb210c5cc33"
  name = "k8s.io/apimachinery"
  packages = [
    "pkg/api/equality",
    "pkg/api/errors",
    "pkg/api/meta",
    "pkg/api/resource",
    "pkg/apis/meta/v1",
    "pkg/apis/meta/v1/unstructured",
    "pkg/conversion",
    "pkg/conversion/queryparams",
    "pkg/fields",
    "pkg/labels",
    "pkg/runtime",
    "pkg/runtime/schema",
    "pkg/runtime/serializer",
    "pkg/runtime/serializer/json",
    "pkg/runtime/serializer/protobuf",
    "pkg/runtime/serializer/recognizer",
    "pkg/runtime/serializer/streaming",
    "pkg/runtime/serializer/versioning",
    "pkg/selection",
    "pkg/types",
    "pkg/util/clock",
    "pkg/util/errors",
    "pkg/util/framer",
    "pkg/util/intstr",
    "pkg/util/json",
    "pkg/util/naming",
    "pkg/util/net",
    "pkg/util/runtime",
    "pkg/util/sets",
    "pkg/util/validation",
    "pkg/util/validation/field",
    "pkg/util/yaml",
    "pkg/version",
    "pkg/watch",
    "third_party/forked/golang/reflect",
  ]
  pruneopts = "UT"
  revision = "2b1284ed4c93a43499e781493253e2ac5959c4fd"
  version = "kubernetes-1.13.1"

[[projects]]
  digest = "1:66032b0d2f39a160d930ed1b1aed53ad8f911743104b60e2bb0d68fb26fea9db"
  name = "k8s.io/client-go"
  packages = [
    "dynamic",
    "pkg/apis/clientauthentication",
    "pkg/apis/clientauthentication/v1alpha1",
    "pkg/apis/clientauthentication/v1beta1",
    "pkg/version",
    "plugin/pkg/client/auth/exec",
    "rest",
    "rest/watch",
    "tools/clientcmd/api",
    "tools/metrics",
    "transport",
    "util/cert",
    "util/connrotation",
    "util/flowcontrol",
    "util/keyutil",
  ]
  pruneopts = "UT"
  revision = "78d2af792babf2dd937ba2e2a8d99c753a5eda89"
  version = "v12.0.0"

[[projects]]
  digest = "1:93e82f25d75aba18436ad1ac042cb49493f096011f2541075721ed6f9e05c044"
  name = "k8s.io/klog"
  packages = ["."]
  pruneopts = "UT"
  revision = "2ca9ad30301bf30a8a6e0fa2110db6b8df699a91"
  version = "v1.0.0"

[[projects]]
  branch = "master"
  digest = "1:8a5e4720aca8a94c876d960a2b86afcaf98e8ded4b5bd7fe42d920806b292c57"
  name = "k8s.io/utils"
  packages = ["integer"]
  pruneopts = "UT"
  revision = "6ca3b61696b65b0e81f1a39b4937fc2d2994ed6a"

[[projects]]
  digest = "1:9d01f79d91d75c0e75578144de961abf2c925475080dfdad99fc42c1f24e6b9e"
  name = "sigs.k8s.io/controller-runtime"
  packages = ["pkg/runtime/log"]
  pruneopts = "UT"
  revision = "477bf4f046c31c351b46fa00262bc814ac0bbca1"
  version = "v0.1.11"

[[projects]]
  digest = "1:7719608fe0b52a4ece56c2dde37bedd95b938677d1ab0f84b8a7852e4c59f849"
  name = "sigs.k8s.io/yaml"
  packages = ["."]
  pruneopts = "UT"
  revision = "fd68e9863619f6ec2fdd8625fe1f02e7c877e480"
  version = "v1.1.0"

[solve-meta]
  analyzer-name = "dep"
  analyzer-version = 1
  input-imports = [
    "k8s.io/apimachinery/pkg/api/equality",
    "k8s.io/apimachinery/pkg/api/errors",
    "k8s.io/apimachinery/pkg/api/meta",
    "k8s.io/apimachinery/pkg/apis/meta/v1",
    "k8s.io/apimachinery/pkg/apis/meta/v1/unstructured",
    "k8s.io/apimachinery/pkg/runtime/schema",
    "k8s.io/apimachinery/pkg/util/yaml",
    "k8s.io/client-go/dynamic",
    "k8s.io/client-go/rest",
    "sigs.k8s.io/controller-runtime/pkg/runtime/log",
  ]
  solver-name = "gps-cdcl"
  solver-version = 1
